
Microsoft Visual Studio Solution File, Format Version 12.00
# Visual Studio Version 16
VisualStudioVersion = 16.0.31727.386
MinimumVisualStudioVersion = 10.0.40219.1
Project("{FAE04EC0-301F-11D3-BF4B-00C04F79EFBC}") = "ManobreFacil", "ManobreFacil\ManobreFacil.csproj", "{34AAEDBF-2E33-48C7-A0FD-A558C325359E}"
EndProject
Global
	GlobalSection(SolutionConfigurationPlatforms) = preSolution
		Debug|Any CPU = Debug|Any CPU
		Release|Any CPU = Release|Any CPU
	EndGlobalSection
	GlobalSection(ProjectConfigurationPlatforms) = postSolution
		{34AAEDBF-2E33-48C7-A0FD-A558C325359E}.Debug|Any CPU.ActiveCfg = Debug|Any CPU
		{34AAEDBF-2E33-48C7-A0FD-A558C325359E}.Debug|Any CPU.Build.0 = Debug|Any CPU
		{34AAEDBF-2E33-48C7-A0FD-A558C325359E}.Release|Any CPU.ActiveCfg = Release|Any CPU
		{34AAEDBF-2E33-48C7-A0FD-A558C325359E}.Release|Any CPU.Build.0 = Release|Any CPU
	EndGlobalSection
	GlobalSection(SolutionProperties) = preSolution
		HideSolutionNode = FALSE
	EndGlobalSection
	GlobalSection(ExtensibilityGlobals) = postSolution
		SolutionGuid = {3DA95BD7-D74B-45DF-B37A-39BCD982C2F7}
	EndGlobalSection
EndGlobal
